
Microsoft Visual Studio Solution File, Format Version 12.00
# Visual Studio Version 16
VisualStudioVersion = 16.0.30011.22
MinimumVisualStudioVersion = 10.0.40219.1
Project("{FAE04EC0-301F-11D3-BF4B-00C04F79EFBC}") = "SquadBook.WebAPI", "SquadBook.WebAPI\SquadBook.WebAPI.csproj", "{5DB3A274-3BAF-425F-AE5A-54B9201163CE}"
EndProject
Project("{FAE04EC0-301F-11D3-BF4B-00C04F79EFBC}") = "SquadBook.Data", "SquadBook.Data\SquadBook.Data.csproj", "{19697282-D1F2-4AD4-A3F3-8BF2211A321E}"
EndProject
Project("{FAE04EC0-301F-11D3-BF4B-00C04F79EFBC}") = "SquadBook.Models", "SquadBook.Models\SquadBook.Models.csproj", "{A3F069ED-E5B4-4B78-928F-DC4A473D5C7B}"
EndProject
Project("{FAE04EC0-301F-11D3-BF4B-00C04F79EFBC}") = "SquadBook.Services", "SquadBook.Services\SquadBook.Services.csproj", "{425CC11B-00F4-4F54-8213-823EBAF8FD33}"
EndProject
Global
	GlobalSection(SolutionConfigurationPlatforms) = preSolution
		Debug|Any CPU = Debug|Any CPU
		Release|Any CPU = Release|Any CPU
	EndGlobalSection
	GlobalSection(ProjectConfigurationPlatforms) = postSolution
		{5DB3A274-3BAF-425F-AE5A-54B9201163CE}.Debug|Any CPU.ActiveCfg = Debug|Any CPU
		{5DB3A274-3BAF-425F-AE5A-54B9201163CE}.Debug|Any CPU.Build.0 = Debug|Any CPU
		{5DB3A274-3BAF-425F-AE5A-54B9201163CE}.Release|Any CPU.ActiveCfg = Release|Any CPU
		{5DB3A274-3BAF-425F-AE5A-54B9201163CE}.Release|Any CPU.Build.0 = Release|Any CPU
		{19697282-D1F2-4AD4-A3F3-8BF2211A321E}.Debug|Any CPU.ActiveCfg = Debug|Any CPU
		{19697282-D1F2-4AD4-A3F3-8BF2211A321E}.Debug|Any CPU.Build.0 = Debug|Any CPU
		{19697282-D1F2-4AD4-A3F3-8BF2211A321E}.Release|Any CPU.ActiveCfg = Release|Any CPU
		{19697282-D1F2-4AD4-A3F3-8BF2211A321E}.Release|Any CPU.Build.0 = Release|Any CPU
		{A3F069ED-E5B4-4B78-928F-DC4A473D5C7B}.Debug|Any CPU.ActiveCfg = Debug|Any CPU
		{A3F069ED-E5B4-4B78-928F-DC4A473D5C7B}.Debug|Any CPU.Build.0 = Debug|Any CPU
		{A3F069ED-E5B4-4B78-928F-DC4A473D5C7B}.Release|Any CPU.ActiveCfg = Release|Any CPU
		{A3F069ED-E5B4-4B78-928F-DC4A473D5C7B}.Release|Any CPU.Build.0 = Release|Any CPU
		{425CC11B-00F4-4F54-8213-823EBAF8FD33}.Debug|Any CPU.ActiveCfg = Debug|Any CPU
		{425CC11B-00F4-4F54-8213-823EBAF8FD33}.Debug|Any CPU.Build.0 = Debug|Any CPU
		{425CC11B-00F4-4F54-8213-823EBAF8FD33}.Release|Any CPU.ActiveCfg = Release|Any CPU
		{425CC11B-00F4-4F54-8213-823EBAF8FD33}.Release|Any CPU.Build.0 = Release|Any CPU
	EndGlobalSection
	GlobalSection(SolutionProperties) = preSolution
		HideSolutionNode = FALSE
	EndGlobalSection
	GlobalSection(ExtensibilityGlobals) = postSolution
		SolutionGuid = {1EA6363B-2170-4820-92C2-1A29B55EAB1C}
	EndGlobalSection
EndGlobal
